
Microsoft Visual Studio Solution File, Format Version 12.00
# Visual Studio Version 16
VisualStudioVersion = 16.0.29123.88
MinimumVisualStudioVersion = 10.0.40219.1
Project("{FAE04EC0-301F-11D3-BF4B-00C04F79EFBC}") = "1915", "1915\1915.csproj", "{9FF77678-F052-47F4-A801-1445FE8401E0}"
EndProject
Project("{FAE04EC0-301F-11D3-BF4B-00C04F79EFBC}") = "1715", "1715\1715.csproj", "{3FBF9EE4-0280-46E6-AB0B-EA80FE558F82}"
EndProject
Project("{FAE04EC0-301F-11D3-BF4B-00C04F79EFBC}") = "1913", "1913\1913.csproj", "{2B45F232-BF7E-4D9A-A247-62417B81FDD0}"
EndProject
Global
	GlobalSection(SolutionConfigurationPlatforms) = preSolution
		Debug|Any CPU = Debug|Any CPU
		Release|Any CPU = Release|Any CPU
	EndGlobalSection
	GlobalSection(ProjectConfigurationPlatforms) = postSolution
		{9FF77678-F052-47F4-A801-1445FE8401E0}.Debug|Any CPU.ActiveCfg = Debug|Any CPU
		{9FF77678-F052-47F4-A801-1445FE8401E0}.Debug|Any CPU.Build.0 = Debug|Any CPU
		{9FF77678-F052-47F4-A801-1445FE8401E0}.Release|Any CPU.ActiveCfg = Release|Any CPU
		{9FF77678-F052-47F4-A801-1445FE8401E0}.Release|Any CPU.Build.0 = Release|Any CPU
		{3FBF9EE4-0280-46E6-AB0B-EA80FE558F82}.Debug|Any CPU.ActiveCfg = Debug|Any CPU
		{3FBF9EE4-0280-46E6-AB0B-EA80FE558F82}.Debug|Any CPU.Build.0 = Debug|Any CPU
		{3FBF9EE4-0280-46E6-AB0B-EA80FE558F82}.Release|Any CPU.ActiveCfg = Release|Any CPU
		{3FBF9EE4-0280-46E6-AB0B-EA80FE558F82}.Release|Any CPU.Build.0 = Release|Any CPU
		{2B45F232-BF7E-4D9A-A247-62417B81FDD0}.Debug|Any CPU.ActiveCfg = Debug|Any CPU
		{2B45F232-BF7E-4D9A-A247-62417B81FDD0}.Debug|Any CPU.Build.0 = Debug|Any CPU
		{2B45F232-BF7E-4D9A-A247-62417B81FDD0}.Release|Any CPU.ActiveCfg = Release|Any CPU
		{2B45F232-BF7E-4D9A-A247-62417B81FDD0}.Release|Any CPU.Build.0 = Release|Any CPU
	EndGlobalSection
	GlobalSection(SolutionProperties) = preSolution
		HideSolutionNode = FALSE
	EndGlobalSection
	GlobalSection(ExtensibilityGlobals) = postSolution
		SolutionGuid = {06B86BB9-319E-4416-95BE-31437696DB8A}
	EndGlobalSection
EndGlobal
